
Microsoft Visual Studio Solution File, Format Version 10.00
# Visual C++ Express 2008
Project("{8BC9CEB8-8B4A-11D0-8D11-00A0C91BC942}") = "commstimeMultiModule", "commstimeMultiModule.vcproj", "{F4CCE282-F962-4DB3-B22D-5087A3843A32}"
EndProject
Global
	GlobalSection(SolutionConfigurationPlatforms) = preSolution
		Debug|Win32 = Debug|Win32
		Release|Win32 = Release|Win32
	EndGlobalSection
	GlobalSection(ProjectConfigurationPlatforms) = postSolution
		{F4CCE282-F962-4DB3-B22D-5087A3843A32}.Debug|Win32.ActiveCfg = Debug|Win32
		{F4CCE282-F962-4DB3-B22D-5087A3843A32}.Debug|Win32.Build.0 = Debug|Win32
		{F4CCE282-F962-4DB3-B22D-5087A3843A32}.Release|Win32.ActiveCfg = Release|Win32
		{F4CCE282-F962-4DB3-B22D-5087A3843A32}.Release|Win32.Build.0 = Release|Win32
	EndGlobalSection
	GlobalSection(SolutionProperties) = preSolution
		HideSolutionNode = FALSE
	EndGlobalSection
EndGlobal
